{
  "originHash" : "94401cc74a3c2a5e6df35aac047e92adf2534a0f1188779e867ab4b03ae4b93a",
  "pins" : [
    {
      "identity" : "drops",
      "kind" : "remoteSourceControl",
      "location" : "https://github.com/omaralbeik/Drops.git",
      "state" : {
        "revision" : "a183ee6f79f21c940092a19c2cba756555422371",
        "version" : "1.7.0"
      }
    }
  ],
  "version" : 3
}
